# THIS IS AN AUTOGENERATED FILE. DO NOT EDIT THIS FILE DIRECTLY.
# yarn lockfile v1


"@commercetools/platform-sdk@^7.4.0":
  version "7.4.0"
  resolved "https://registry.npmjs.org/@commercetools/platform-sdk/-/platform-sdk-7.4.0.tgz"
  integrity sha512-F6qcCvOR1Ikzw3klkfgUq/XkB4FrddBhMFkTGUISPxh6UQq9v70rPRY7pIu9z8bt0P926avOZe5Mk/MHYr+YYw==
  dependencies:
    "@commercetools/sdk-client-v2" "^2.2.2"
    "@commercetools/sdk-middleware-auth" "^7.0.0"
    "@commercetools/sdk-middleware-http" "^7.0.0"
    "@commercetools/sdk-middleware-logger" "^3.0.0"
    "@commercetools/ts-client" "^1.1.1"

"@commercetools/sdk-client-v2@^2.2.2":
  version "2.3.0"
  resolved "https://registry.npmjs.org/@commercetools/sdk-client-v2/-/sdk-client-v2-2.3.0.tgz"
  integrity sha512-+vS6qRoKBbkunZCpdozung+7te97nFxaidLPqOTlz/9TmJaRfMMcYC/KUZCTS8S5a/4BFfY6DYujddolaU7e6Q==
  dependencies:
    buffer "^6.0.3"
    node-fetch "^2.6.1"

"@commercetools/sdk-middleware-auth@^7.0.0":
  version "7.0.1"
  resolved "https://registry.npmjs.org/@commercetools/sdk-middleware-auth/-/sdk-middleware-auth-7.0.1.tgz"
  integrity sha512-XLRm+o3Yd0mkVoyzsOA98PUu0U0ajQdBHMhZ8N2XMOtL4OY8zsgT8ap5JneXV8zWZNiwIYYAYoUDwBlLZh2lAQ==
  dependencies:
    node-fetch "^2.6.7"

"@commercetools/sdk-middleware-http@^7.0.0":
  version "7.0.4"
  resolved "https://registry.npmjs.org/@commercetools/sdk-middleware-http/-/sdk-middleware-http-7.0.4.tgz"
  integrity sha512-YpBDTA1NqjfwqPxrll6FzDc0A7hLSRwd9OLGMlPcvUG2Je1ks8Pe34pLdPqz7jgdURwfFXRBmXxPhezDzMbnZA==

"@commercetools/sdk-middleware-logger@^3.0.0":
  version "3.0.0"
  resolved "https://registry.npmjs.org/@commercetools/sdk-middleware-logger/-/sdk-middleware-logger-3.0.0.tgz"
  integrity sha512-DhMXAA2yIch/AaGxy7st85Z1HFmeLtHWGkr9z5rX4xKjan4PHGB/IE5saAR+SNGHhs6+1Lp8vZEHDo3tFqVLmg==

"@commercetools/ts-client@^1.1.1":
  version "1.2.1"
  resolved "https://registry.npmjs.org/@commercetools/ts-client/-/ts-client-1.2.1.tgz"
  integrity sha512-tgy78lQoEoqYoK0KeSj43/v1Mg17M1ouwXtDxKmjAqEW4RyiCGOPPjOiZT9adTyjbK4CcOcwDzJxUVziIerg5g==
  dependencies:
    abort-controller "3.0.0"
    buffer "^6.0.3"
    node-fetch "^2.6.1"
    uuid "9.0.1"

"@commercetools/ts-client@^3.2.0":
  version "3.2.0"
  resolved "https://registry.npmjs.org/@commercetools/ts-client/-/ts-client-3.2.0.tgz"
  integrity sha512-qJbHAedwsNHQW+XaZkzj9Cui2+tZAc73FX/MKvd2679nIyyoEEflrAtaOQ3YYPRQYrGkxk+27d15GlvS7/w1/g==
  dependencies:
    buffer "^6.0.3"

"@types/node@^20.11.25":
  version "20.11.25"
  resolved "https://registry.npmjs.org/@types/node/-/node-20.11.25.tgz"
  integrity sha512-TBHyJxk2b7HceLVGFcpAUjsa5zIdsPWlR6XHfyGzd0SFu+/NFgQgMAl96MSDZgQDvJAvV6BKsFOrt6zIL09JDw==
  dependencies:
    undici-types "~5.26.4"

abort-controller@3.0.0:
  version "3.0.0"
  resolved "https://registry.npmjs.org/abort-controller/-/abort-controller-3.0.0.tgz"
  integrity sha512-h8lQ8tacZYnR3vNQTgibj+tODHI5/+l06Au2Pcriv/Gmet0eaj4TwWH41sO9wnHDiQsEj19q0drzdWdeAHtweg==
  dependencies:
    event-target-shim "^5.0.0"

base64-js@^1.3.1:
  version "1.5.1"
  resolved "https://registry.npmjs.org/base64-js/-/base64-js-1.5.1.tgz"
  integrity sha512-AKpaYlHn8t4SVbOHCy+b5+KKgvR4vrsD8vbvrbiQJps7fKDTkjkDry6ji0rUJjC0kzbNePLwzxq8iypo41qeWA==

buffer@^6.0.3:
  version "6.0.3"
  resolved "https://registry.npmjs.org/buffer/-/buffer-6.0.3.tgz"
  integrity sha512-FTiCpNxtwiZZHEZbcbTIcZjERVICn9yq/pDFkTl95/AxzD1naBctN7YO68riM/gLSDY7sdrMby8hofADYuuqOA==
  dependencies:
    base64-js "^1.3.1"
    ieee754 "^1.2.1"

dotenv@^16.4.5:
  version "16.4.5"
  resolved "https://registry.npmjs.org/dotenv/-/dotenv-16.4.5.tgz"
  integrity sha512-ZmdL2rui+eB2YwhsWzjInR8LldtZHGDoQ1ugH85ppHKwpUHL7j7rN0Ti9NCnGiQbhaZ11FpR+7ao1dNsmduNUg==

event-target-shim@^5.0.0:
  version "5.0.1"
  resolved "https://registry.npmjs.org/event-target-shim/-/event-target-shim-5.0.1.tgz"
  integrity sha512-i/2XbnSz/uxRCU6+NdVJgKWDTM427+MqYbkQzD321DuCQJUqOuJKIA0IM2+W2xtYHdKOmZ4dR6fExsd4SXL+WQ==

ieee754@^1.2.1:
  version "1.2.1"
  resolved "https://registry.npmjs.org/ieee754/-/ieee754-1.2.1.tgz"
  integrity sha512-dcyqhDvX1C46lXZcVqCpK+FtMRQVdIMN6/Df5js2zouUsqG7I6sFxitIC+7KYK29KdXOLHdu9zL4sFnoVQnqaA==

node-fetch@^2.6.1, node-fetch@^2.6.7:
  version "2.7.0"
  resolved "https://registry.npmjs.org/node-fetch/-/node-fetch-2.7.0.tgz"
  integrity sha512-c4FRfUm/dbcWZ7U+1Wq0AwCyFL+3nt2bEw05wfxSz+DWpWsitgmSgYmy2dQdWyKC1694ELPqMs/YzUSNozLt8A==
  dependencies:
    whatwg-url "^5.0.0"

tr46@~0.0.3:
  version "0.0.3"
  resolved "https://registry.npmjs.org/tr46/-/tr46-0.0.3.tgz"
  integrity sha512-N3WMsuqV66lT30CrXNbEjx4GEwlow3v6rr4mCcv6prnfwhS01rkgyFdjPNBYd9br7LpXV1+Emh01fHnq2Gdgrw==

typescript@^5.4.2:
  version "5.4.2"
  resolved "https://registry.npmjs.org/typescript/-/typescript-5.4.2.tgz"
  integrity sha512-+2/g0Fds1ERlP6JsakQQDXjZdZMM+rqpamFZJEKh4kwTIn3iDkgKtby0CeNd5ATNZ4Ry1ax15TMx0W2V+miizQ==

undici-types@~5.26.4:
  version "5.26.5"
  resolved "https://registry.npmjs.org/undici-types/-/undici-types-5.26.5.tgz"
  integrity sha512-JlCMO+ehdEIKqlFxk6IfVoAUVmgz7cU7zD/h9XZ0qzeosSHmUJVOzSQvvYSYWXkFXC+IfLKSIffhv0sVZup6pA==

uuid@9.0.1:
  version "9.0.1"
  resolved "https://registry.npmjs.org/uuid/-/uuid-9.0.1.tgz"
  integrity sha512-b+1eJOlsR9K8HJpow9Ok3fiWOWSIcIzXodvv0rQjVoOVNpWMpxf1wZNpt4y9h10odCNrqnYp1OBzRktckBe3sA==

webidl-conversions@^3.0.0:
  version "3.0.1"
  resolved "https://registry.npmjs.org/webidl-conversions/-/webidl-conversions-3.0.1.tgz"
  integrity sha512-2JAn3z8AR6rjK8Sm8orRC0h/bcl/DqL7tRPdGZ4I1CjdF+EaMLmYxBHyXuKL849eucPFhvBoxMsflfOb8kxaeQ==

whatwg-url@^5.0.0:
  version "5.0.0"
  resolved "https://registry.npmjs.org/whatwg-url/-/whatwg-url-5.0.0.tgz"
  integrity sha512-saE57nupxk6v3HY35+jzBwYa0rKSy0XR8JSxZPwgLr7ys0IBzhGviA1/TUGJLmSVqs8pb9AnvICXEuOHLprYTw==
  dependencies:
    tr46 "~0.0.3"
    webidl-conversions "^3.0.0"
